
Microsoft Visual Studio Solution File, Format Version 12.00
# Visual Studio Version 17
VisualStudioVersion = 17.0.32014.148
MinimumVisualStudioVersion = 10.0.40219.1
Project("{8BC9CEB8-8B4A-11D0-8D11-00A0C91BC942}") = "Goblin Game", "Goblin Game\Goblin Game.vcxproj", "{35A54C3B-1D7B-444B-987D-397EB5D956C0}"
EndProject
Project("{8BC9CEB8-8B4A-11D0-8D11-00A0C91BC942}") = "Goblin Game Level Creator", "Goblin Game Level Creator\Goblin Game Level Creator.vcxproj", "{9C5779D5-08BA-40EA-80A3-0DD101477810}"
EndProject
Global
	GlobalSection(SolutionConfigurationPlatforms) = preSolution
		Debug|x64 = Debug|x64
		Debug|x86 = Debug|x86
		Release|x64 = Release|x64
		Release|x86 = Release|x86
	EndGlobalSection
	GlobalSection(ProjectConfigurationPlatforms) = postSolution
		{35A54C3B-1D7B-444B-987D-397EB5D956C0}.Debug|x64.ActiveCfg = Debug|x64
		{35A54C3B-1D7B-444B-987D-397EB5D956C0}.Debug|x64.Build.0 = Debug|x64
		{35A54C3B-1D7B-444B-987D-397EB5D956C0}.Debug|x86.ActiveCfg = Debug|Win32
		{35A54C3B-1D7B-444B-987D-397EB5D956C0}.Debug|x86.Build.0 = Debug|Win32
		{35A54C3B-1D7B-444B-987D-397EB5D956C0}.Release|x64.ActiveCfg = Release|x64
		{35A54C3B-1D7B-444B-987D-397EB5D956C0}.Release|x64.Build.0 = Release|x64
		{35A54C3B-1D7B-444B-987D-397EB5D956C0}.Release|x86.ActiveCfg = Release|Win32
		{35A54C3B-1D7B-444B-987D-397EB5D956C0}.Release|x86.Build.0 = Release|Win32
		{9C5779D5-08BA-40EA-80A3-0DD101477810}.Debug|x64.ActiveCfg = Debug|x64
		{9C5779D5-08BA-40EA-80A3-0DD101477810}.Debug|x64.Build.0 = Debug|x64
		{9C5779D5-08BA-40EA-80A3-0DD101477810}.Debug|x86.ActiveCfg = Debug|Win32
		{9C5779D5-08BA-40EA-80A3-0DD101477810}.Debug|x86.Build.0 = Debug|Win32
		{9C5779D5-08BA-40EA-80A3-0DD101477810}.Release|x64.ActiveCfg = Release|x64
		{9C5779D5-08BA-40EA-80A3-0DD101477810}.Release|x64.Build.0 = Release|x64
		{9C5779D5-08BA-40EA-80A3-0DD101477810}.Release|x86.ActiveCfg = Release|Win32
		{9C5779D5-08BA-40EA-80A3-0DD101477810}.Release|x86.Build.0 = Release|Win32
	EndGlobalSection
	GlobalSection(SolutionProperties) = preSolution
		HideSolutionNode = FALSE
	EndGlobalSection
	GlobalSection(ExtensibilityGlobals) = postSolution
		SolutionGuid = {44D412A2-BA18-4BCE-A2D3-9D65522F6EDA}
	EndGlobalSection
EndGlobal
